
Microsoft Visual Studio Solution File, Format Version 12.00
Project("{FAE04EC0-301F-11D3-BF4B-00C04F79EFBC}") = "Store", "Store\Store.csproj", "{6B883922-5191-443C-BBF2-187F44B8D162}"
EndProject
Project("{FAE04EC0-301F-11D3-BF4B-00C04F79EFBC}") = "StoreLibraly", "StoreLibraly\StoreLibraly.csproj", "{F11DE045-AADC-45B5-B17F-36591BB2E053}"
EndProject
Global
	GlobalSection(SolutionConfigurationPlatforms) = preSolution
		Debug|Any CPU = Debug|Any CPU
		Release|Any CPU = Release|Any CPU
	EndGlobalSection
	GlobalSection(ProjectConfigurationPlatforms) = postSolution
		{6B883922-5191-443C-BBF2-187F44B8D162}.Debug|Any CPU.ActiveCfg = Debug|Any CPU
		{6B883922-5191-443C-BBF2-187F44B8D162}.Debug|Any CPU.Build.0 = Debug|Any CPU
		{6B883922-5191-443C-BBF2-187F44B8D162}.Release|Any CPU.ActiveCfg = Release|Any CPU
		{6B883922-5191-443C-BBF2-187F44B8D162}.Release|Any CPU.Build.0 = Release|Any CPU
		{F11DE045-AADC-45B5-B17F-36591BB2E053}.Debug|Any CPU.ActiveCfg = Debug|Any CPU
		{F11DE045-AADC-45B5-B17F-36591BB2E053}.Debug|Any CPU.Build.0 = Debug|Any CPU
		{F11DE045-AADC-45B5-B17F-36591BB2E053}.Release|Any CPU.ActiveCfg = Release|Any CPU
		{F11DE045-AADC-45B5-B17F-36591BB2E053}.Release|Any CPU.Build.0 = Release|Any CPU
	EndGlobalSection
EndGlobal
